
Microsoft Visual Studio Solution File, Format Version 12.00
# Visual Studio Version 16
VisualStudioVersion = 16.0.30804.86
MinimumVisualStudioVersion = 10.0.40219.1
Project("{FAE04EC0-301F-11D3-BF4B-00C04F79EFBC}") = "BlogAPI", "BlogAPI\BlogAPI.csproj", "{190DEB09-BB23-41F3-8A33-E0AAC6107232}"
EndProject
Project("{FAE04EC0-301F-11D3-BF4B-00C04F79EFBC}") = "DataAccess", "DataAccess\DataAccess.csproj", "{A66C3B6E-61CC-4D81-BD49-3BCA7EB85507}"
EndProject
Global
	GlobalSection(SolutionConfigurationPlatforms) = preSolution
		Debug|Any CPU = Debug|Any CPU
		Release|Any CPU = Release|Any CPU
	EndGlobalSection
	GlobalSection(ProjectConfigurationPlatforms) = postSolution
		{190DEB09-BB23-41F3-8A33-E0AAC6107232}.Debug|Any CPU.ActiveCfg = Debug|Any CPU
		{190DEB09-BB23-41F3-8A33-E0AAC6107232}.Debug|Any CPU.Build.0 = Debug|Any CPU
		{190DEB09-BB23-41F3-8A33-E0AAC6107232}.Release|Any CPU.ActiveCfg = Release|Any CPU
		{190DEB09-BB23-41F3-8A33-E0AAC6107232}.Release|Any CPU.Build.0 = Release|Any CPU
		{A66C3B6E-61CC-4D81-BD49-3BCA7EB85507}.Debug|Any CPU.ActiveCfg = Debug|Any CPU
		{A66C3B6E-61CC-4D81-BD49-3BCA7EB85507}.Debug|Any CPU.Build.0 = Debug|Any CPU
		{A66C3B6E-61CC-4D81-BD49-3BCA7EB85507}.Release|Any CPU.ActiveCfg = Release|Any CPU
		{A66C3B6E-61CC-4D81-BD49-3BCA7EB85507}.Release|Any CPU.Build.0 = Release|Any CPU
	EndGlobalSection
	GlobalSection(SolutionProperties) = preSolution
		HideSolutionNode = FALSE
	EndGlobalSection
	GlobalSection(ExtensibilityGlobals) = postSolution
		SolutionGuid = {1DE5F943-DDFF-4483-B9C1-D9E44B748DBB}
	EndGlobalSection
EndGlobal
